
Microsoft Visual Studio Solution File, Format Version 12.00
# Visual Studio 15
VisualStudioVersion = 15.0.28010.2003
MinimumVisualStudioVersion = 10.0.40219.1
Project("{FAE04EC0-301F-11D3-BF4B-00C04F79EFBC}") = "Oblig1", "TestGitHub\Oblig1.csproj", "{3C1C76FA-D038-4501-810D-486254096397}"
EndProject
Global
	GlobalSection(SolutionConfigurationPlatforms) = preSolution
		Debug|Any CPU = Debug|Any CPU
		Release|Any CPU = Release|Any CPU
	EndGlobalSection
	GlobalSection(ProjectConfigurationPlatforms) = postSolution
		{3C1C76FA-D038-4501-810D-486254096397}.Debug|Any CPU.ActiveCfg = Debug|Any CPU
		{3C1C76FA-D038-4501-810D-486254096397}.Debug|Any CPU.Build.0 = Debug|Any CPU
		{3C1C76FA-D038-4501-810D-486254096397}.Release|Any CPU.ActiveCfg = Release|Any CPU
		{3C1C76FA-D038-4501-810D-486254096397}.Release|Any CPU.Build.0 = Release|Any CPU
	EndGlobalSection
	GlobalSection(SolutionProperties) = preSolution
		HideSolutionNode = FALSE
	EndGlobalSection
	GlobalSection(ExtensibilityGlobals) = postSolution
		SolutionGuid = {8CDFAD80-8503-4D2E-983F-94B0436E0522}
	EndGlobalSection
EndGlobal
